<?xml version="1.0" encoding="utf-8"?>
<Project ToolsVersion="4.0" xmlns="http://schemas.microsoft.com/developer/msbuild/2003">
  <ItemGroup>
    <Filter Include="Исходные файлы">
      <UniqueIdentifier>{4FC737F1-C7A5-4376-A066-2A32D752A2FF}</UniqueIdentifier>
      <Extensions>cpp;c;cc;cxx;c++;cppm;ixx;def;odl;idl;hpj;bat;asm;asmx</Extensions>
    </Filter>
    <Filter Include="Файлы заголовков">
      <UniqueIdentifier>{93995380-89BD-4b04-88EB-625FBE52EBFB}</UniqueIdentifier>
      <Extensions>h;hh;hpp;hxx;h++;hm;inl;inc;ipp;xsd</Extensions>
    </Filter>
    <Filter Include="Файлы ресурсов">
      <UniqueIdentifier>{67DA6AB6-F800-4c08-8B7A-83BB121AAD01}</UniqueIdentifier>
      <Extensions>rc;ico;cur;bmp;dlg;rc2;rct;bin;rgs;gif;jpg;jpeg;jpe;resx;tiff;tif;png;wav;mfcribbon-ms</Extensions>
    </Filter>
  </ItemGroup>
  <ItemGroup>
    <ClCompile Include="lab_4.cpp">
      <Filter>Исходные файлы</Filter>
    </ClCompile>
    <ClCompile Include="CentralController.cpp">
      <Filter>Исходные файлы</Filter>
    </ClCompile>
    <ClCompile Include="PremiumOven.cpp">
      <Filter>Исходные файлы</Filter>
    </ClCompile>
    <ClCompile Include="RecipeManager.cpp">
      <Filter>Исходные файлы</Filter>
    </ClCompile>
    <ClCompile Include="GasSensor.cpp">
      <Filter>Исходные файлы</Filter>
    </ClCompile>
    <ClCompile Include="BasicOven.cpp">
      <Filter>Исходные файлы</Filter>
    </ClCompile>
    <ClCompile Include="FullSizeDishwasher.cpp">
      <Filter>Исходные файлы</Filter>
    </ClCompile>
    <ClCompile Include="BasicHood.cpp">
      <Filter>Исходные файлы</Filter>
    </ClCompile>
    <ClCompile Include="SilentHood.cpp">
      <Filter>Исходные файлы</Filter>
    </ClCompile>
    <ClCompile Include="GasCooktop.cpp">
      <Filter>Исходные файлы</Filter>
    </ClCompile>
    <ClCompile Include="InductionCooktop.cpp">
      <Filter>Исходные файлы</Filter>
    </ClCompile>
    <ClCompile Include="BasicRefrigerator.cpp">
      <Filter>Исходные файлы</Filter>
    </ClCompile>
    <ClCompile Include="PremiumRefrigerator.cpp">
      <Filter>Исходные файлы</Filter>
    </ClCompile>
    <ClCompile Include="CompactDishwashercpp.cpp">
      <Filter>Исходные файлы</Filter>
    </ClCompile>
  </ItemGroup>
  <ItemGroup>
    <ClInclude Include="SmartDevice.h">
      <Filter>Файлы заголовков</Filter>
    </ClInclude>
    <ClInclude Include="DeviceProxy.h">
      <Filter>Файлы заголовков</Filter>
    </ClInclude>
    <ClInclude Include="CentralController.h">
      <Filter>Файлы заголовков</Filter>
    </ClInclude>
    <ClInclude Include="SmartOven.h">
      <Filter>Файлы заголовков</Filter>
    </ClInclude>
    <ClInclude Include="PremiumOven.h">
      <Filter>Файлы заголовков</Filter>
    </ClInclude>
    <ClInclude Include="SmartCooktop.h">
      <Filter>Файлы заголовков</Filter>
    </ClInclude>
    <ClInclude Include="SmartHood.h">
      <Filter>Файлы заголовков</Filter>
    </ClInclude>
    <ClInclude Include="RecipeManager.h">
      <Filter>Файлы заголовков</Filter>
    </ClInclude>
    <ClInclude Include="GasSensor.h">
      <Filter>Файлы заголовков</Filter>
    </ClInclude>
    <ClInclude Include="BasicOven.h">
      <Filter>Файлы заголовков</Filter>
    </ClInclude>
    <ClInclude Include="SmartDishwasher.h">
      <Filter>Файлы заголовков</Filter>
    </ClInclude>
    <ClInclude Include="CompactDishwasher.h">
      <Filter>Файлы заголовков</Filter>
    </ClInclude>
    <ClInclude Include="FullSizeDishwasher.h">
      <Filter>Файлы заголовков</Filter>
    </ClInclude>
    <ClInclude Include="BasicHood.h">
      <Filter>Файлы заголовков</Filter>
    </ClInclude>
    <ClInclude Include="SilentHood.h">
      <Filter>Файлы заголовков</Filter>
    </ClInclude>
    <ClInclude Include="GasCooktop.h">
      <Filter>Файлы заголовков</Filter>
    </ClInclude>
    <ClInclude Include="InductionCooktop.h">
      <Filter>Файлы заголовков</Filter>
    </ClInclude>
    <ClInclude Include="BasicRefrigerator.h">
      <Filter>Файлы заголовков</Filter>
    </ClInclude>
    <ClInclude Include="PremiumRefrigerator.h">
      <Filter>Файлы заголовков</Filter>
    </ClInclude>
    <ClInclude Include="SmartRefrigerator.h">
      <Filter>Файлы заголовков</Filter>
    </ClInclude>
  </ItemGroup>
</Project>